// !$*UTF8*$!
{
	archiveVersion = 1;
	classes = {
	};
	objectVersion = 46;
	objects = {

/* Begin PBXBuildFile section */
		9E9D18501EEC05DD005D29E3 /* AppDelegate.swift in Sources */ = {isa = PBXBuildFile; fileRef = 9E9D184F1EEC05DD005D29E3 /* AppDelegate.swift */; };
		9E9D18551EEC05DD005D29E3 /* Main.storyboard in Resources */ = {isa = PBXBuildFile; fileRef = 9E9D18531EEC05DD005D29E3 /* Main.storyboard */; };
		9E9D18571EEC05DD005D29E3 /* Assets.xcassets in Resources */ = {isa = PBXBuildFile; fileRef = 9E9D18561EEC05DD005D29E3 /* Assets.xcassets */; };
		9E9D185A1EEC05DD005D29E3 /* LaunchScreen.storyboard in Resources */ = {isa = PBXBuildFile; fileRef = 9E9D18581EEC05DD005D29E3 /* LaunchScreen.storyboard */; };
		9E9D18651EEC05DD005D29E3 /* VoiceCalculatorTests.swift in Sources */ = {isa = PBXBuildFile; fileRef = 9E9D18641EEC05DD005D29E3 /* VoiceCalculatorTests.swift */; };
		9E9D18701EEC05DD005D29E3 /* VoiceCalculatorUITests.swift in Sources */ = {isa = PBXBuildFile; fileRef = 9E9D186F1EEC05DD005D29E3 /* VoiceCalculatorUITests.swift */; };
		9E9D18831EEC0F1D005D29E3 /* VoiceCalculatorViewController.swift in Sources */ = {isa = PBXBuildFile; fileRef = 9E9D18821EEC0F1D005D29E3 /* VoiceCalculatorViewController.swift */; };
		9EADA2641EECB07800728B9C /* MathExpressionCalculator.swift in Sources */ = {isa = PBXBuildFile; fileRef = 9EADA2631EECB07800728B9C /* MathExpressionCalculator.swift */; };
/* End PBXBuildFile section */

/* Begin PBXContainerItemProxy section */
		9E9D18611EEC05DD005D29E3 /* PBXContainerItemProxy */ = {
			isa = PBXContainerItemProxy;
			containerPortal = 9E9D18441EEC05DC005D29E3 /* Project object */;
			proxyType = 1;
			remoteGlobalIDString = 9E9D184B1EEC05DD005D29E3;
			remoteInfo = VoiceCalculator;
		};
		9E9D186C1EEC05DD005D29E3 /* PBXContainerItemProxy */ = {
			isa = PBXContainerItemProxy;
			containerPortal = 9E9D18441EEC05DC005D29E3 /* Project object */;
			proxyType = 1;
			remoteGlobalIDString = 9E9D184B1EEC05DD005D29E3;
			remoteInfo = VoiceCalculator;
		};
/* End PBXContainerItemProxy section */

/* Begin PBXFileReference section */
		9E9D184C1EEC05DD005D29E3 /* VoiceCalculator.app */ = {isa = PBXFileReference; explicitFileType = wrapper.application; includeInIndex = 0; path = VoiceCalculator.app; sourceTree = BUILT_PRODUCTS_DIR; };
		9E9D184F1EEC05DD005D29E3 /* AppDelegate.swift */ = {isa = PBXFileReference; lastKnownFileType = sourcecode.swift; name = AppDelegate.swift; path = VoiceCalculator/AppDelegate.swift; sourceTree = SOURCE_ROOT; };
		9E9D18541EEC05DD005D29E3 /* Base */ = {isa = PBXFileReference; lastKnownFileType = file.storyboard; name = Base; path = Base.lproj/Main.storyboard; sourceTree = "<group>"; };
		9E9D18561EEC05DD005D29E3 /* Assets.xcassets */ = {isa = PBXFileReference; lastKnownFileType = folder.assetcatalog; path = Assets.xcassets; sourceTree = "<group>"; };
		9E9D18591EEC05DD005D29E3 /* Base */ = {isa = PBXFileReference; lastKnownFileType = file.storyboard; name = Base; path = Base.lproj/LaunchScreen.storyboard; sourceTree = "<group>"; };
		9E9D185B1EEC05DD005D29E3 /* Info.plist */ = {isa = PBXFileReference; lastKnownFileType = text.plist.xml; path = Info.plist; sourceTree = "<group>"; };
		9E9D18601EEC05DD005D29E3 /* VoiceCalculatorTests.xctest */ = {isa = PBXFileReference; explicitFileType = wrapper.cfbundle; includeInIndex = 0; path = VoiceCalculatorTests.xctest; sourceTree = BUILT_PRODUCTS_DIR; };
		9E9D18641EEC05DD005D29E3 /* VoiceCalculatorTests.swift */ = {isa = PBXFileReference; lastKnownFileType = sourcecode.swift; path = VoiceCalculatorTests.swift; sourceTree = "<group>"; };
		9E9D18661EEC05DD005D29E3 /* Info.plist */ = {isa = PBXFileReference; lastKnownFileType = text.plist.xml; path = Info.plist; sourceTree = "<group>"; };
		9E9D186B1EEC05DD005D29E3 /* VoiceCalculatorUITests.xctest */ = {isa = PBXFileReference; explicitFileType = wrapper.cfbundle; includeInIndex = 0; path = VoiceCalculatorUITests.xctest; sourceTree = BUILT_PRODUCTS_DIR; };
		9E9D186F1EEC05DD005D29E3 /* VoiceCalculatorUITests.swift */ = {isa = PBXFileReference; lastKnownFileType = sourcecode.swift; path = VoiceCalculatorUITests.swift; sourceTree = "<group>"; };
		9E9D18711EEC05DD005D29E3 /* Info.plist */ = {isa = PBXFileReference; lastKnownFileType = text.plist.xml; path = Info.plist; sourceTree = "<group>"; };
		9E9D18821EEC0F1D005D29E3 /* VoiceCalculatorViewController.swift */ = {isa = PBXFileReference; fileEncoding = 4; lastKnownFileType = sourcecode.swift; path = VoiceCalculatorViewController.swift; sourceTree = "<group>"; };
		9EADA2631EECB07800728B9C /* MathExpressionCalculator.swift */ = {isa = PBXFileReference; fileEncoding = 4; lastKnownFileType = sourcecode.swift; path = MathExpressionCalculator.swift; sourceTree = "<group>"; };
/* End PBXFileReference section */

/* Begin PBXFrameworksBuildPhase section */
		9E9D18491EEC05DD005D29E3 /* Frameworks */ = {
			isa = PBXFrameworksBuildPhase;
			buildActionMask = 2147483647;
			files = (
			);
			runOnlyForDeploymentPostprocessing = 0;
		};
		9E9D185D1EEC05DD005D29E3 /* Frameworks */ = {
			isa = PBXFrameworksBuildPhase;
			buildActionMask = 2147483647;
			files = (
			);
			runOnlyForDeploymentPostprocessing = 0;
		};
		9E9D18681EEC05DD005D29E3 /* Frameworks */ = {
			isa = PBXFrameworksBuildPhase;
			buildActionMask = 2147483647;
			files = (
			);
			runOnlyForDeploymentPostprocessing = 0;
		};
/* End PBXFrameworksBuildPhase section */

/* Begin PBXGroup section */
		9E9D18431EEC05DC005D29E3 = {
			isa = PBXGroup;
			children = (
				9E9D184E1EEC05DD005D29E3 /* VoiceCalculator */,
				9E9D18631EEC05DD005D29E3 /* VoiceCalculatorTests */,
				9E9D186E1EEC05DD005D29E3 /* VoiceCalculatorUITests */,
				9E9D184D1EEC05DD005D29E3 /* Products */,
			);
			sourceTree = "<group>";
		};
		9E9D184D1EEC05DD005D29E3 /* Products */ = {
			isa = PBXGroup;
			children = (
				9E9D184C1EEC05DD005D29E3 /* VoiceCalculator.app */,
				9E9D18601EEC05DD005D29E3 /* VoiceCalculatorTests.xctest */,
				9E9D186B1EEC05DD005D29E3 /* VoiceCalculatorUITests.xctest */,
			);
			name = Products;
			sourceTree = "<group>";
		};
		9E9D184E1EEC05DD005D29E3 /* VoiceCalculator */ = {
			isa = PBXGroup;
			children = (
				9E9D185B1EEC05DD005D29E3 /* Info.plist */,
				9E9D18561EEC05DD005D29E3 /* Assets.xcassets */,
				9E9D18811EEC0A4C005D29E3 /* App */,
				9E9D18801EEC0A41005D29E3 /* Resources */,
				9E9D187E1EEC0893005D29E3 /* Models */,
				9EADA2621EECB06700728B9C /* MathExpressionCalculator */,
				9E9D187F1EEC089D005D29E3 /* Storyboards */,
				9E9D187D1EEC0886005D29E3 /* ViewControlers */,
			);
			path = VoiceCalculator;
			sourceTree = "<group>";
		};
		9E9D18631EEC05DD005D29E3 /* VoiceCalculatorTests */ = {
			isa = PBXGroup;
			children = (
				9E9D18641EEC05DD005D29E3 /* VoiceCalculatorTests.swift */,
				9E9D18661EEC05DD005D29E3 /* Info.plist */,
			);
			path = VoiceCalculatorTests;
			sourceTree = "<group>";
		};
		9E9D186E1EEC05DD005D29E3 /* VoiceCalculatorUITests */ = {
			isa = PBXGroup;
			children = (
				9E9D186F1EEC05DD005D29E3 /* VoiceCalculatorUITests.swift */,
				9E9D18711EEC05DD005D29E3 /* Info.plist */,
			);
			path = VoiceCalculatorUITests;
			sourceTree = "<group>";
		};
		9E9D187D1EEC0886005D29E3 /* ViewControlers */ = {
			isa = PBXGroup;
			children = (
				9E9D18821EEC0F1D005D29E3 /* VoiceCalculatorViewController.swift */,
			);
			path = ViewControlers;
			sourceTree = "<group>";
		};
		9E9D187E1EEC0893005D29E3 /* Models */ = {
			isa = PBXGroup;
			children = (
			);
			path = Models;
			sourceTree = "<group>";
		};
		9E9D187F1EEC089D005D29E3 /* Storyboards */ = {
			isa = PBXGroup;
			children = (
				9E9D18581EEC05DD005D29E3 /* LaunchScreen.storyboard */,
				9E9D18531EEC05DD005D29E3 /* Main.storyboard */,
			);
			path = Storyboards;
			sourceTree = "<group>";
		};
		9E9D18801EEC0A41005D29E3 /* Resources */ = {
			isa = PBXGroup;
			children = (
			);
			path = Resources;
			sourceTree = "<group>";
		};
		9E9D18811EEC0A4C005D29E3 /* App */ = {
			isa = PBXGroup;
			children = (
				9E9D184F1EEC05DD005D29E3 /* AppDelegate.swift */,
			);
			path = App;
			sourceTree = "<group>";
		};
		9EADA2621EECB06700728B9C /* MathExpressionCalculator */ = {
			isa = PBXGroup;
			children = (
				9EADA2631EECB07800728B9C /* MathExpressionCalculator.swift */,
			);
			path = MathExpressionCalculator;
			sourceTree = "<group>";
		};
/* End PBXGroup section */

/* Begin PBXNativeTarget section */
		9E9D184B1EEC05DD005D29E3 /* VoiceCalculator */ = {
			isa = PBXNativeTarget;
			buildConfigurationList = 9E9D18741EEC05DD005D29E3 /* Build configuration list for PBXNativeTarget "VoiceCalculator" */;
			buildPhases = (
				9E9D18481EEC05DD005D29E3 /* Sources */,
				9E9D18491EEC05DD005D29E3 /* Frameworks */,
				9E9D184A1EEC05DD005D29E3 /* Resources */,
			);
			buildRules = (
			);
			dependencies = (
			);
			name = VoiceCalculator;
			productName = VoiceCalculator;
			productReference = 9E9D184C1EEC05DD005D29E3 /* VoiceCalculator.app */;
			productType = "com.apple.product-type.application";
		};
		9E9D185F1EEC05DD005D29E3 /* VoiceCalculatorTests */ = {
			isa = PBXNativeTarget;
			buildConfigurationList = 9E9D18771EEC05DD005D29E3 /* Build configuration list for PBXNativeTarget "VoiceCalculatorTests" */;
			buildPhases = (
				9E9D185C1EEC05DD005D29E3 /* Sources */,
				9E9D185D1EEC05DD005D29E3 /* Frameworks */,
				9E9D185E1EEC05DD005D29E3 /* Resources */,
			);
			buildRules = (
			);
			dependencies = (
				9E9D18621EEC05DD005D29E3 /* PBXTargetDependency */,
			);
			name = VoiceCalculatorTests;
			productName = VoiceCalculatorTests;
			productReference = 9E9D18601EEC05DD005D29E3 /* VoiceCalculatorTests.xctest */;
			productType = "com.apple.product-type.bundle.unit-test";
		};
		9E9D186A1EEC05DD005D29E3 /* VoiceCalculatorUITests */ = {
			isa = PBXNativeTarget;
			buildConfigurationList = 9E9D187A1EEC05DD005D29E3 /* Build configuration list for PBXNativeTarget "VoiceCalculatorUITests" */;
			buildPhases = (
				9E9D18671EEC05DD005D29E3 /* Sources */,
				9E9D18681EEC05DD005D29E3 /* Frameworks */,
				9E9D18691EEC05DD005D29E3 /* Resources */,
			);
			buildRules = (
			);
			dependencies = (
				9E9D186D1EEC05DD005D29E3 /* PBXTargetDependency */,
			);
			name = VoiceCalculatorUITests;
			productName = VoiceCalculatorUITests;
			productReference = 9E9D186B1EEC05DD005D29E3 /* VoiceCalculatorUITests.xctest */;
			productType = "com.apple.product-type.bundle.ui-testing";
		};
/* End PBXNativeTarget section */

/* Begin PBXProject section */
		9E9D18441EEC05DC005D29E3 /* Project object */ = {
			isa = PBXProject;
			attributes = {
				LastSwiftUpdateCheck = 0830;
				LastUpgradeCheck = 0830;
				ORGANIZATIONNAME = "Filip Szukala";
				TargetAttributes = {
					9E9D184B1EEC05DD005D29E3 = {
						CreatedOnToolsVersion = 8.3.3;
						DevelopmentTeam = GN5RD5DNZH;
						ProvisioningStyle = Automatic;
					};
					9E9D185F1EEC05DD005D29E3 = {
						CreatedOnToolsVersion = 8.3.3;
						ProvisioningStyle = Automatic;
						TestTargetID = 9E9D184B1EEC05DD005D29E3;
					};
					9E9D186A1EEC05DD005D29E3 = {
						CreatedOnToolsVersion = 8.3.3;
						ProvisioningStyle = Automatic;
						TestTargetID = 9E9D184B1EEC05DD005D29E3;
					};
				};
			};
			buildConfigurationList = 9E9D18471EEC05DD005D29E3 /* Build configuration list for PBXProject "VoiceCalculator" */;
			compatibilityVersion = "Xcode 3.2";
			developmentRegion = English;
			hasScannedForEncodings = 0;
			knownRegions = (
				en,
				Base,
			);
			mainGroup = 9E9D18431EEC05DC005D29E3;
			productRefGroup = 9E9D184D1EEC05DD005D29E3 /* Products */;
			projectDirPath = "";
			projectRoot = "";
			targets = (
				9E9D184B1EEC05DD005D29E3 /* VoiceCalculator */,
				9E9D185F1EEC05DD005D29E3 /* VoiceCalculatorTests */,
				9E9D186A1EEC05DD005D29E3 /* VoiceCalculatorUITests */,
			);
		};
/* End PBXProject section */

/* Begin PBXResourcesBuildPhase section */
		9E9D184A1EEC05DD005D29E3 /* Resources */ = {
			isa = PBXResourcesBuildPhase;
			buildActionMask = 2147483647;
			files = (
				9E9D185A1EEC05DD005D29E3 /* LaunchScreen.storyboard in Resources */,
				9E9D18571EEC05DD005D29E3 /* Assets.xcassets in Resources */,
				9E9D18551EEC05DD005D29E3 /* Main.storyboard in Resources */,
			);
			runOnlyForDeploymentPostprocessing = 0;
		};
		9E9D185E1EEC05DD005D29E3 /* Resources */ = {
			isa = PBXResourcesBuildPhase;
			buildActionMask = 2147483647;
			files = (
			);
			runOnlyForDeploymentPostprocessing = 0;
		};
		9E9D18691EEC05DD005D29E3 /* Resources */ = {
			isa = PBXResourcesBuildPhase;
			buildActionMask = 2147483647;
			files = (
			);
			runOnlyForDeploymentPostprocessing = 0;
		};
/* End PBXResourcesBuildPhase section */

/* Begin PBXSourcesBuildPhase section */
		9E9D18481EEC05DD005D29E3 /* Sources */ = {
			isa = PBXSourcesBuildPhase;
			buildActionMask = 2147483647;
			files = (
				9E9D18501EEC05DD005D29E3 /* AppDelegate.swift in Sources */,
				9EADA2641EECB07800728B9C /* MathExpressionCalculator.swift in Sources */,
				9E9D18831EEC0F1D005D29E3 /* VoiceCalculatorViewController.swift in Sources */,
			);
			runOnlyForDeploymentPostprocessing = 0;
		};
		9E9D185C1EEC05DD005D29E3 /* Sources */ = {
			isa = PBXSourcesBuildPhase;
			buildActionMask = 2147483647;
			files = (
				9E9D18651EEC05DD005D29E3 /* VoiceCalculatorTests.swift in Sources */,
			);
			runOnlyForDeploymentPostprocessing = 0;
		};
		9E9D18671EEC05DD005D29E3 /* Sources */ = {
			isa = PBXSourcesBuildPhase;
			buildActionMask = 2147483647;
			files = (
				9E9D18701EEC05DD005D29E3 /* VoiceCalculatorUITests.swift in Sources */,
			);
			runOnlyForDeploymentPostprocessing = 0;
		};
/* End PBXSourcesBuildPhase section */

/* Begin PBXTargetDependency section */
		9E9D18621EEC05DD005D29E3 /* PBXTargetDependency */ = {
			isa = PBXTargetDependency;
			target = 9E9D184B1EEC05DD005D29E3 /* VoiceCalculator */;
			targetProxy = 9E9D18611EEC05DD005D29E3 /* PBXContainerItemProxy */;
		};
		9E9D186D1EEC05DD005D29E3 /* PBXTargetDependency */ = {
			isa = PBXTargetDependency;
			target = 9E9D184B1EEC05DD005D29E3 /* VoiceCalculator */;
			targetProxy = 9E9D186C1EEC05DD005D29E3 /* PBXContainerItemProxy */;
		};
/* End PBXTargetDependency section */

/* Begin PBXVariantGroup section */
		9E9D18531EEC05DD005D29E3 /* Main.storyboard */ = {
			isa = PBXVariantGroup;
			children = (
				9E9D18541EEC05DD005D29E3 /* Base */,
			);
			name = Main.storyboard;
			path = ..;
			sourceTree = "<group>";
		};
		9E9D18581EEC05DD005D29E3 /* LaunchScreen.storyboard */ = {
			isa = PBXVariantGroup;
			children = (
				9E9D18591EEC05DD005D29E3 /* Base */,
			);
			name = LaunchScreen.storyboard;
			path = ..;
			sourceTree = "<group>";
		};
/* End PBXVariantGroup section */

/* Begin XCBuildConfiguration section */
		9E9D18721EEC05DD005D29E3 /* Debug */ = {
			isa = XCBuildConfiguration;
			buildSettings = {
				ALWAYS_SEARCH_USER_PATHS = NO;
				CLANG_ANALYZER_NONNULL = YES;
				CLANG_ANALYZER_NUMBER_OBJECT_CONVERSION = YES_AGGRESSIVE;
				CLANG_CXX_LANGUAGE_STANDARD = "gnu++0x";
				CLANG_CXX_LIBRARY = "libc++";
				CLANG_ENABLE_MODULES = YES;
				CLANG_ENABLE_OBJC_ARC = YES;
				CLANG_WARN_BOOL_CONVERSION = YES;
				CLANG_WARN_CONSTANT_CONVERSION = YES;
				CLANG_WARN_DIRECT_OBJC_ISA_USAGE = YES_ERROR;
				CLANG_WARN_DOCUMENTATION_COMMENTS = YES;
				CLANG_WARN_EMPTY_BODY = YES;
				CLANG_WARN_ENUM_CONVERSION = YES;
				CLANG_WARN_INFINITE_RECURSION = YES;
				CLANG_WARN_INT_CONVERSION = YES;
				CLANG_WARN_OBJC_ROOT_CLASS = YES_ERROR;
				CLANG_WARN_SUSPICIOUS_MOVE = YES;
				CLANG_WARN_UNREACHABLE_CODE = YES;
				CLANG_WARN__DUPLICATE_METHOD_MATCH = YES;
				"CODE_SIGN_IDENTITY[sdk=iphoneos*]" = "iPhone Developer";
				COPY_PHASE_STRIP = NO;
				DEBUG_INFORMATION_FORMAT = dwarf;
				ENABLE_STRICT_OBJC_MSGSEND = YES;
				ENABLE_TESTABILITY = YES;
				GCC_C_LANGUAGE_STANDARD = gnu99;
				GCC_DYNAMIC_NO_PIC = NO;
				GCC_NO_COMMON_BLOCKS = YES;
				GCC_OPTIMIZATION_LEVEL = 0;
				GCC_PREPROCESSOR_DEFINITIONS = (
					"DEBUG=1",
					"$(inherited)",
				);
				GCC_WARN_64_TO_32_BIT_CONVERSION = YES;
				GCC_WARN_ABOUT_RETURN_TYPE = YES_ERROR;
				GCC_WARN_UNDECLARED_SELECTOR = YES;
				GCC_WARN_UNINITIALIZED_AUTOS = YES_AGGRESSIVE;
				GCC_WARN_UNUSED_FUNCTION = YES;
				GCC_WARN_UNUSED_VARIABLE = YES;
				IPHONEOS_DEPLOYMENT_TARGET = 10.3;
				MTL_ENABLE_DEBUG_INFO = YES;
				ONLY_ACTIVE_ARCH = YES;
				SDKROOT = iphoneos;
				SWIFT_ACTIVE_COMPILATION_CONDITIONS = DEBUG;
				SWIFT_OPTIMIZATION_LEVEL = "-Onone";
				TARGETED_DEVICE_FAMILY = "1,2";
			};
			name = Debug;
		};
		9E9D18731EEC05DD005D29E3 /* Release */ = {
			isa = XCBuildConfiguration;
			buildSettings = {
				ALWAYS_SEARCH_USER_PATHS = NO;
				CLANG_ANALYZER_NONNULL = YES;
				CLANG_ANALYZER_NUMBER_OBJECT_CONVERSION = YES_AGGRESSIVE;
				CLANG_CXX_LANGUAGE_STANDARD = "gnu++0x";
				CLANG_CXX_LIBRARY = "libc++";
				CLANG_ENABLE_MODULES = YES;
				CLANG_ENABLE_OBJC_ARC = YES;
				CLANG_WARN_BOOL_CONVERSION = YES;
				CLANG_WARN_CONSTANT_CONVERSION = YES;
				CLANG_WARN_DIRECT_OBJC_ISA_USAGE = YES_ERROR;
				CLANG_WARN_DOCUMENTATION_COMMENTS = YES;
				CLANG_WARN_EMPTY_BODY = YES;
				CLANG_WARN_ENUM_CONVERSION = YES;
				CLANG_WARN_INFINITE_RECURSION = YES;
				CLANG_WARN_INT_CONVERSION = YES;
				CLANG_WARN_OBJC_ROOT_CLASS = YES_ERROR;
				CLANG_WARN_SUSPICIOUS_MOVE = YES;
				CLANG_WARN_UNREACHABLE_CODE = YES;
				CLANG_WARN__DUPLICATE_METHOD_MATCH = YES;
				"CODE_SIGN_IDENTITY[sdk=iphoneos*]" = "iPhone Developer";
				COPY_PHASE_STRIP = NO;
				DEBUG_INFORMATION_FORMAT = "dwarf-with-dsym";
				ENABLE_NS_ASSERTIONS = NO;
				ENABLE_STRICT_OBJC_MSGSEND = YES;
				GCC_C_LANGUAGE_STANDARD = gnu99;
				GCC_NO_COMMON_BLOCKS = YES;
				GCC_WARN_64_TO_32_BIT_CONVERSION = YES;
				GCC_WARN_ABOUT_RETURN_TYPE = YES_ERROR;
				GCC_WARN_UNDECLARED_SELECTOR = YES;
				GCC_WARN_UNINITIALIZED_AUTOS = YES_AGGRESSIVE;
				GCC_WARN_UNUSED_FUNCTION = YES;
				GCC_WARN_UNUSED_VARIABLE = YES;
				IPHONEOS_DEPLOYMENT_TARGET = 10.3;
				MTL_ENABLE_DEBUG_INFO = NO;
				SDKROOT = iphoneos;
				SWIFT_OPTIMIZATION_LEVEL = "-Owholemodule";
				TARGETED_DEVICE_FAMILY = "1,2";
				VALIDATE_PRODUCT = YES;
			};
			name = Release;
		};
		9E9D18751EEC05DD005D29E3 /* Debug */ = {
			isa = XCBuildConfiguration;
			buildSettings = {
				ASSETCATALOG_COMPILER_APPICON_NAME = AppIcon;
				DEVELOPMENT_TEAM = GN5RD5DNZH;
				INFOPLIST_FILE = VoiceCalculator/Info.plist;
				LD_RUNPATH_SEARCH_PATHS = "$(inherited) @executable_path/Frameworks";
				PRODUCT_BUNDLE_IDENTIFIER = fs.VoiceCalculator;
				PRODUCT_NAME = "$(TARGET_NAME)";
				SWIFT_VERSION = 3.0;
			};
			name = Debug;
		};
		9E9D18761EEC05DD005D29E3 /* Release */ = {
			isa = XCBuildConfiguration;
			buildSettings = {
				ASSETCATALOG_COMPILER_APPICON_NAME = AppIcon;
				DEVELOPMENT_TEAM = GN5RD5DNZH;
				INFOPLIST_FILE = VoiceCalculator/Info.plist;
				LD_RUNPATH_SEARCH_PATHS = "$(inherited) @executable_path/Frameworks";
				PRODUCT_BUNDLE_IDENTIFIER = fs.VoiceCalculator;
				PRODUCT_NAME = "$(TARGET_NAME)";
				SWIFT_VERSION = 3.0;
			};
			name = Release;
		};
		9E9D18781EEC05DD005D29E3 /* Debug */ = {
			isa = XCBuildConfiguration;
			buildSettings = {
				ALWAYS_EMBED_SWIFT_STANDARD_LIBRARIES = YES;
				BUNDLE_LOADER = "$(TEST_HOST)";
				INFOPLIST_FILE = VoiceCalculatorTests/Info.plist;
				LD_RUNPATH_SEARCH_PATHS = "$(inherited) @executable_path/Frameworks @loader_path/Frameworks";
				PRODUCT_BUNDLE_IDENTIFIER = fs.VoiceCalculatorTests;
				PRODUCT_NAME = "$(TARGET_NAME)";
				SWIFT_VERSION = 3.0;
				TEST_HOST = "$(BUILT_PRODUCTS_DIR)/VoiceCalculator.app/VoiceCalculator";
			};
			name = Debug;
		};
		9E9D18791EEC05DD005D29E3 /* Release */ = {
			isa = XCBuildConfiguration;
			buildSettings = {
				ALWAYS_EMBED_SWIFT_STANDARD_LIBRARIES = YES;
				BUNDLE_LOADER = "$(TEST_HOST)";
				INFOPLIST_FILE = VoiceCalculatorTests/Info.plist;
				LD_RUNPATH_SEARCH_PATHS = "$(inherited) @executable_path/Frameworks @loader_path/Frameworks";
				PRODUCT_BUNDLE_IDENTIFIER = fs.VoiceCalculatorTests;
				PRODUCT_NAME = "$(TARGET_NAME)";
				SWIFT_VERSION = 3.0;
				TEST_HOST = "$(BUILT_PRODUCTS_DIR)/VoiceCalculator.app/VoiceCalculator";
			};
			name = Release;
		};
		9E9D187B1EEC05DD005D29E3 /* Debug */ = {
			isa = XCBuildConfiguration;
			buildSettings = {
				ALWAYS_EMBED_SWIFT_STANDARD_LIBRARIES = YES;
				INFOPLIST_FILE = VoiceCalculatorUITests/Info.plist;
				LD_RUNPATH_SEARCH_PATHS = "$(inherited) @executable_path/Frameworks @loader_path/Frameworks";
				PRODUCT_BUNDLE_IDENTIFIER = fs.VoiceCalculatorUITests;
				PRODUCT_NAME = "$(TARGET_NAME)";
				SWIFT_VERSION = 3.0;
				TEST_TARGET_NAME = VoiceCalculator;
			};
			name = Debug;
		};
		9E9D187C1EEC05DD005D29E3 /* Release */ = {
			isa = XCBuildConfiguration;
			buildSettings = {
				ALWAYS_EMBED_SWIFT_STANDARD_LIBRARIES = YES;
				INFOPLIST_FILE = VoiceCalculatorUITests/Info.plist;
				LD_RUNPATH_SEARCH_PATHS = "$(inherited) @executable_path/Frameworks @loader_path/Frameworks";
				PRODUCT_BUNDLE_IDENTIFIER = fs.VoiceCalculatorUITests;
				PRODUCT_NAME = "$(TARGET_NAME)";
				SWIFT_VERSION = 3.0;
				TEST_TARGET_NAME = VoiceCalculator;
			};
			name = Release;
		};
/* End XCBuildConfiguration section */

/* Begin XCConfigurationList section */
		9E9D18471EEC05DD005D29E3 /* Build configuration list for PBXProject "VoiceCalculator" */ = {
			isa = XCConfigurationList;
			buildConfigurations = (
				9E9D18721EEC05DD005D29E3 /* Debug */,
				9E9D18731EEC05DD005D29E3 /* Release */,
			);
			defaultConfigurationIsVisible = 0;
			defaultConfigurationName = Release;
		};
		9E9D18741EEC05DD005D29E3 /* Build configuration list for PBXNativeTarget "VoiceCalculator" */ = {
			isa = XCConfigurationList;
			buildConfigurations = (
				9E9D18751EEC05DD005D29E3 /* Debug */,
				9E9D18761EEC05DD005D29E3 /* Release */,
			);
			defaultConfigurationIsVisible = 0;
			defaultConfigurationName = Release;
		};
		9E9D18771EEC05DD005D29E3 /* Build configuration list for PBXNativeTarget "VoiceCalculatorTests" */ = {
			isa = XCConfigurationList;
			buildConfigurations = (
				9E9D18781EEC05DD005D29E3 /* Debug */,
				9E9D18791EEC05DD005D29E3 /* Release */,
			);
			defaultConfigurationIsVisible = 0;
			defaultConfigurationName = Release;
		};
		9E9D187A1EEC05DD005D29E3 /* Build configuration list for PBXNativeTarget "VoiceCalculatorUITests" */ = {
			isa = XCConfigurationList;
			buildConfigurations = (
				9E9D187B1EEC05DD005D29E3 /* Debug */,
				9E9D187C1EEC05DD005D29E3 /* Release */,
			);
			defaultConfigurationIsVisible = 0;
			defaultConfigurationName = Release;
		};
/* End XCConfigurationList section */
	};
	rootObject = 9E9D18441EEC05DC005D29E3 /* Project object */;
}
